
Microsoft Visual Studio Solution File, Format Version 12.00
# Visual Studio Version 17
VisualStudioVersion = 17.8.34322.80
MinimumVisualStudioVersion = 10.0.40219.1
Project("{FAE04EC0-301F-11D3-BF4B-00C04F79EFBC}") = "projetBlazor", "projetBlazor.csproj", "{8407DB30-995C-4F66-ACEB-9DBF9FB3EFE4}"
EndProject
Global
	GlobalSection(SolutionConfigurationPlatforms) = preSolution
		Debug|Any CPU = Debug|Any CPU
		Release|Any CPU = Release|Any CPU
	EndGlobalSection
	GlobalSection(ProjectConfigurationPlatforms) = postSolution
		{8407DB30-995C-4F66-ACEB-9DBF9FB3EFE4}.Debug|Any CPU.ActiveCfg = Debug|Any CPU
		{8407DB30-995C-4F66-ACEB-9DBF9FB3EFE4}.Debug|Any CPU.Build.0 = Debug|Any CPU
		{8407DB30-995C-4F66-ACEB-9DBF9FB3EFE4}.Release|Any CPU.ActiveCfg = Release|Any CPU
		{8407DB30-995C-4F66-ACEB-9DBF9FB3EFE4}.Release|Any CPU.Build.0 = Release|Any CPU
	EndGlobalSection
	GlobalSection(SolutionProperties) = preSolution
		HideSolutionNode = FALSE
	EndGlobalSection
	GlobalSection(ExtensibilityGlobals) = postSolution
		SolutionGuid = {5FB630E9-1070-4D67-B579-075337773E3B}
	EndGlobalSection
EndGlobal
